
Microsoft Visual Studio Solution File, Format Version 12.00
# Visual Studio Version 17
VisualStudioVersion = 17.14.36518.9 d17.14
MinimumVisualStudioVersion = 10.0.40219.1
Project("{FAE04EC0-301F-11D3-BF4B-00C04F79EFBC}") = "MQTT.Demo", "MQTT.Demo\MQTT.Demo.csproj", "{5F02C1DA-8ED8-41F2-8342-974C8C24BC42}"
EndProject
Project("{FAE04EC0-301F-11D3-BF4B-00C04F79EFBC}") = "MQTTSubscriber", "MQTTSubscriber\MQTTSubscriber.csproj", "{7F5E6BF6-CF14-43B0-8A89-92FFBBCEAE97}"
EndProject
Global
	GlobalSection(SolutionConfigurationPlatforms) = preSolution
		Debug|Any CPU = Debug|Any CPU
		Release|Any CPU = Release|Any CPU
	EndGlobalSection
	GlobalSection(ProjectConfigurationPlatforms) = postSolution
		{5F02C1DA-8ED8-41F2-8342-974C8C24BC42}.Debug|Any CPU.ActiveCfg = Debug|Any CPU
		{5F02C1DA-8ED8-41F2-8342-974C8C24BC42}.Debug|Any CPU.Build.0 = Debug|Any CPU
		{5F02C1DA-8ED8-41F2-8342-974C8C24BC42}.Release|Any CPU.ActiveCfg = Release|Any CPU
		{5F02C1DA-8ED8-41F2-8342-974C8C24BC42}.Release|Any CPU.Build.0 = Release|Any CPU
		{7F5E6BF6-CF14-43B0-8A89-92FFBBCEAE97}.Debug|Any CPU.ActiveCfg = Debug|Any CPU
		{7F5E6BF6-CF14-43B0-8A89-92FFBBCEAE97}.Debug|Any CPU.Build.0 = Debug|Any CPU
		{7F5E6BF6-CF14-43B0-8A89-92FFBBCEAE97}.Release|Any CPU.ActiveCfg = Release|Any CPU
		{7F5E6BF6-CF14-43B0-8A89-92FFBBCEAE97}.Release|Any CPU.Build.0 = Release|Any CPU
	EndGlobalSection
	GlobalSection(SolutionProperties) = preSolution
		HideSolutionNode = FALSE
	EndGlobalSection
	GlobalSection(ExtensibilityGlobals) = postSolution
		SolutionGuid = {04C35745-D270-4066-AA3B-85B341AA0F22}
	EndGlobalSection
EndGlobal
